
Microsoft Visual Studio Solution File, Format Version 12.00
# Visual Studio Version 17
VisualStudioVersion = 17.10.35013.160
MinimumVisualStudioVersion = 10.0.40219.1
Project("{FAE04EC0-301F-11D3-BF4B-00C04F79EFBC}") = "MauiResourceClient", "MauiResourceClient.csproj", "{A564EA57-03DB-4C27-A9D0-46E037258E13}"
EndProject
Global
	GlobalSection(SolutionConfigurationPlatforms) = preSolution
		Debug|Any CPU = Debug|Any CPU
		Release|Any CPU = Release|Any CPU
	EndGlobalSection
	GlobalSection(ProjectConfigurationPlatforms) = postSolution
		{A564EA57-03DB-4C27-A9D0-46E037258E13}.Debug|Any CPU.ActiveCfg = Debug|Any CPU
		{A564EA57-03DB-4C27-A9D0-46E037258E13}.Debug|Any CPU.Build.0 = Debug|Any CPU
		{A564EA57-03DB-4C27-A9D0-46E037258E13}.Release|Any CPU.ActiveCfg = Release|Any CPU
		{A564EA57-03DB-4C27-A9D0-46E037258E13}.Release|Any CPU.Build.0 = Release|Any CPU
	EndGlobalSection
	GlobalSection(SolutionProperties) = preSolution
		HideSolutionNode = FALSE
	EndGlobalSection
	GlobalSection(ExtensibilityGlobals) = postSolution
		SolutionGuid = {D0E9B16B-8E7A-412A-AC22-5D9F8399F4E7}
	EndGlobalSection
EndGlobal
